
Microsoft Visual Studio Solution File, Format Version 12.00
# Visual Studio Express 2012 for Windows Desktop
Project("{FAE04EC0-301F-11D3-BF4B-00C04F79EFBC}") = "Assignment_3_Roshan_Nanthapalan", "Assignment_3_Roshan_Nanthapalan\Assignment_3_Roshan_Nanthapalan.csproj", "{EDE1DFFF-0C22-4D89-92F9-D3CBC0FC25D9}"
EndProject
Global
	GlobalSection(SolutionConfigurationPlatforms) = preSolution
		Debug|Any CPU = Debug|Any CPU
		Release|Any CPU = Release|Any CPU
	EndGlobalSection
	GlobalSection(ProjectConfigurationPlatforms) = postSolution
		{EDE1DFFF-0C22-4D89-92F9-D3CBC0FC25D9}.Debug|Any CPU.ActiveCfg = Debug|Any CPU
		{EDE1DFFF-0C22-4D89-92F9-D3CBC0FC25D9}.Debug|Any CPU.Build.0 = Debug|Any CPU
		{EDE1DFFF-0C22-4D89-92F9-D3CBC0FC25D9}.Release|Any CPU.ActiveCfg = Release|Any CPU
		{EDE1DFFF-0C22-4D89-92F9-D3CBC0FC25D9}.Release|Any CPU.Build.0 = Release|Any CPU
	EndGlobalSection
	GlobalSection(SolutionProperties) = preSolution
		HideSolutionNode = FALSE
	EndGlobalSection
EndGlobal
